// !$*UTF8*$!
{
	archiveVersion = 1;
	classes = {
	};
	objectVersion = 50;
	objects = {

/* Begin PBXBuildFile section */
		7B6BEF5D224BD27A005FB7B2 /* shuffle.wav in Resources */ = {isa = PBXBuildFile; fileRef = 7B6BEF59224BD27A005FB7B2 /* shuffle.wav */; };
		7B6BEF5E224BD27A005FB7B2 /* cardflip.wav in Resources */ = {isa = PBXBuildFile; fileRef = 7B6BEF5A224BD27A005FB7B2 /* cardflip.wav */; };
		7B6BEF5F224BD27A005FB7B2 /* dingcorrect.wav in Resources */ = {isa = PBXBuildFile; fileRef = 7B6BEF5B224BD27A005FB7B2 /* dingcorrect.wav */; };
		7B6BEF60224BD27A005FB7B2 /* dingwrong.wav in Resources */ = {isa = PBXBuildFile; fileRef = 7B6BEF5C224BD27A005FB7B2 /* dingwrong.wav */; };
		7B6BEF63224BD2CB005FB7B2 /* AVFoundation.framework in Frameworks */ = {isa = PBXBuildFile; fileRef = 7B6BEF62224BD2CB005FB7B2 /* AVFoundation.framework */; };
		7B6BEF65224BD30B005FB7B2 /* SoundManager.swift in Sources */ = {isa = PBXBuildFile; fileRef = 7B6BEF64224BD30B005FB7B2 /* SoundManager.swift */; };
		7BFED15D2240895E00E028C7 /* AppDelegate.swift in Sources */ = {isa = PBXBuildFile; fileRef = 7BFED15C2240895E00E028C7 /* AppDelegate.swift */; };
		7BFED15F2240895E00E028C7 /* ViewController.swift in Sources */ = {isa = PBXBuildFile; fileRef = 7BFED15E2240895E00E028C7 /* ViewController.swift */; };
		7BFED1622240895E00E028C7 /* Main.storyboard in Resources */ = {isa = PBXBuildFile; fileRef = 7BFED1602240895E00E028C7 /* Main.storyboard */; };
		7BFED1642240896000E028C7 /* Assets.xcassets in Resources */ = {isa = PBXBuildFile; fileRef = 7BFED1632240896000E028C7 /* Assets.xcassets */; };
		7BFED1672240896000E028C7 /* LaunchScreen.storyboard in Resources */ = {isa = PBXBuildFile; fileRef = 7BFED1652240896000E028C7 /* LaunchScreen.storyboard */; };
		7BFED16F224154CB00E028C7 /* CardModel.swift in Sources */ = {isa = PBXBuildFile; fileRef = 7BFED16E224154CB00E028C7 /* CardModel.swift */; };
		7BFED171224155B400E028C7 /* Card.swift in Sources */ = {isa = PBXBuildFile; fileRef = 7BFED170224155B400E028C7 /* Card.swift */; };
		7BFED173224159C200E028C7 /* CardCollectionViewCell.swift in Sources */ = {isa = PBXBuildFile; fileRef = 7BFED172224159C200E028C7 /* CardCollectionViewCell.swift */; };
/* End PBXBuildFile section */

/* Begin PBXFileReference section */
		7B6BEF59224BD27A005FB7B2 /* shuffle.wav */ = {isa = PBXFileReference; lastKnownFileType = audio.wav; path = shuffle.wav; sourceTree = "<group>"; };
		7B6BEF5A224BD27A005FB7B2 /* cardflip.wav */ = {isa = PBXFileReference; lastKnownFileType = audio.wav; path = cardflip.wav; sourceTree = "<group>"; };
		7B6BEF5B224BD27A005FB7B2 /* dingcorrect.wav */ = {isa = PBXFileReference; lastKnownFileType = audio.wav; path = dingcorrect.wav; sourceTree = "<group>"; };
		7B6BEF5C224BD27A005FB7B2 /* dingwrong.wav */ = {isa = PBXFileReference; lastKnownFileType = audio.wav; path = dingwrong.wav; sourceTree = "<group>"; };
		7B6BEF62224BD2CB005FB7B2 /* AVFoundation.framework */ = {isa = PBXFileReference; lastKnownFileType = wrapper.framework; name = AVFoundation.framework; path = System/Library/Frameworks/AVFoundation.framework; sourceTree = SDKROOT; };
		7B6BEF64224BD30B005FB7B2 /* SoundManager.swift */ = {isa = PBXFileReference; lastKnownFileType = sourcecode.swift; path = SoundManager.swift; sourceTree = "<group>"; };
		7BFED1592240895E00E028C7 /* Match-App.app */ = {isa = PBXFileReference; explicitFileType = wrapper.application; includeInIndex = 0; path = "Match-App.app"; sourceTree = BUILT_PRODUCTS_DIR; };
		7BFED15C2240895E00E028C7 /* AppDelegate.swift */ = {isa = PBXFileReference; lastKnownFileType = sourcecode.swift; path = AppDelegate.swift; sourceTree = "<group>"; };
		7BFED15E2240895E00E028C7 /* ViewController.swift */ = {isa = PBXFileReference; lastKnownFileType = sourcecode.swift; path = ViewController.swift; sourceTree = "<group>"; };
		7BFED1612240895E00E028C7 /* Base */ = {isa = PBXFileReference; lastKnownFileType = file.storyboard; name = Base; path = Base.lproj/Main.storyboard; sourceTree = "<group>"; };
		7BFED1632240896000E028C7 /* Assets.xcassets */ = {isa = PBXFileReference; lastKnownFileType = folder.assetcatalog; path = Assets.xcassets; sourceTree = "<group>"; };
		7BFED1662240896000E028C7 /* Base */ = {isa = PBXFileReference; lastKnownFileType = file.storyboard; name = Base; path = Base.lproj/LaunchScreen.storyboard; sourceTree = "<group>"; };
		7BFED1682240896000E028C7 /* Info.plist */ = {isa = PBXFileReference; lastKnownFileType = text.plist.xml; path = Info.plist; sourceTree = "<group>"; };
		7BFED16E224154CB00E028C7 /* CardModel.swift */ = {isa = PBXFileReference; lastKnownFileType = sourcecode.swift; path = CardModel.swift; sourceTree = "<group>"; };
		7BFED170224155B400E028C7 /* Card.swift */ = {isa = PBXFileReference; lastKnownFileType = sourcecode.swift; path = Card.swift; sourceTree = "<group>"; };
		7BFED172224159C200E028C7 /* CardCollectionViewCell.swift */ = {isa = PBXFileReference; lastKnownFileType = sourcecode.swift; path = CardCollectionViewCell.swift; sourceTree = "<group>"; };
/* End PBXFileReference section */

/* Begin PBXFrameworksBuildPhase section */
		7BFED1562240895E00E028C7 /* Frameworks */ = {
			isa = PBXFrameworksBuildPhase;
			buildActionMask = 2147483647;
			files = (
				7B6BEF63224BD2CB005FB7B2 /* AVFoundation.framework in Frameworks */,
			);
			runOnlyForDeploymentPostprocessing = 0;
		};
/* End PBXFrameworksBuildPhase section */

/* Begin PBXGroup section */
		7B6BEF58224BD260005FB7B2 /* Sounds */ = {
			isa = PBXGroup;
			children = (
				7B6BEF5A224BD27A005FB7B2 /* cardflip.wav */,
				7B6BEF5B224BD27A005FB7B2 /* dingcorrect.wav */,
				7B6BEF5C224BD27A005FB7B2 /* dingwrong.wav */,
				7B6BEF59224BD27A005FB7B2 /* shuffle.wav */,
			);
			path = Sounds;
			sourceTree = "<group>";
		};
		7B6BEF61224BD2CB005FB7B2 /* Frameworks */ = {
			isa = PBXGroup;
			children = (
				7B6BEF62224BD2CB005FB7B2 /* AVFoundation.framework */,
			);
			name = Frameworks;
			sourceTree = "<group>";
		};
		7BFED1502240895E00E028C7 = {
			isa = PBXGroup;
			children = (
				7BFED15B2240895E00E028C7 /* Match-App */,
				7BFED15A2240895E00E028C7 /* Products */,
				7B6BEF61224BD2CB005FB7B2 /* Frameworks */,
			);
			sourceTree = "<group>";
		};
		7BFED15A2240895E00E028C7 /* Products */ = {
			isa = PBXGroup;
			children = (
				7BFED1592240895E00E028C7 /* Match-App.app */,
			);
			name = Products;
			sourceTree = "<group>";
		};
		7BFED15B2240895E00E028C7 /* Match-App */ = {
			isa = PBXGroup;
			children = (
				7B6BEF58224BD260005FB7B2 /* Sounds */,
				7BFED15C2240895E00E028C7 /* AppDelegate.swift */,
				7BFED170224155B400E028C7 /* Card.swift */,
				7BFED15E2240895E00E028C7 /* ViewController.swift */,
				7BFED16E224154CB00E028C7 /* CardModel.swift */,
				7BFED172224159C200E028C7 /* CardCollectionViewCell.swift */,
				7BFED1602240895E00E028C7 /* Main.storyboard */,
				7BFED1632240896000E028C7 /* Assets.xcassets */,
				7BFED1652240896000E028C7 /* LaunchScreen.storyboard */,
				7BFED1682240896000E028C7 /* Info.plist */,
				7B6BEF64224BD30B005FB7B2 /* SoundManager.swift */,
			);
			path = "Match-App";
			sourceTree = "<group>";
		};
/* End PBXGroup section */

/* Begin PBXNativeTarget section */
		7BFED1582240895E00E028C7 /* Match-App */ = {
			isa = PBXNativeTarget;
			buildConfigurationList = 7BFED16B2240896000E028C7 /* Build configuration list for PBXNativeTarget "Match-App" */;
			buildPhases = (
				7BFED1552240895E00E028C7 /* Sources */,
				7BFED1562240895E00E028C7 /* Frameworks */,
				7BFED1572240895E00E028C7 /* Resources */,
			);
			buildRules = (
			);
			dependencies = (
			);
			name = "Match-App";
			productName = "Match-App";
			productReference = 7BFED1592240895E00E028C7 /* Match-App.app */;
			productType = "com.apple.product-type.application";
		};
/* End PBXNativeTarget section */

/* Begin PBXProject section */
		7BFED1512240895E00E028C7 /* Project object */ = {
			isa = PBXProject;
			attributes = {
				LastSwiftUpdateCheck = 1010;
				LastUpgradeCheck = 1010;
				ORGANIZATIONNAME = "Couchguy Labs";
				TargetAttributes = {
					7BFED1582240895E00E028C7 = {
						CreatedOnToolsVersion = 10.1;
					};
				};
			};
			buildConfigurationList = 7BFED1542240895E00E028C7 /* Build configuration list for PBXProject "Match-App" */;
			compatibilityVersion = "Xcode 9.3";
			developmentRegion = en;
			hasScannedForEncodings = 0;
			knownRegions = (
				en,
				Base,
			);
			mainGroup = 7BFED1502240895E00E028C7;
			productRefGroup = 7BFED15A2240895E00E028C7 /* Products */;
			projectDirPath = "";
			projectRoot = "";
			targets = (
				7BFED1582240895E00E028C7 /* Match-App */,
			);
		};
/* End PBXProject section */

/* Begin PBXResourcesBuildPhase section */
		7BFED1572240895E00E028C7 /* Resources */ = {
			isa = PBXResourcesBuildPhase;
			buildActionMask = 2147483647;
			files = (
				7B6BEF5D224BD27A005FB7B2 /* shuffle.wav in Resources */,
				7B6BEF60224BD27A005FB7B2 /* dingwrong.wav in Resources */,
				7BFED1672240896000E028C7 /* LaunchScreen.storyboard in Resources */,
				7BFED1642240896000E028C7 /* Assets.xcassets in Resources */,
				7BFED1622240895E00E028C7 /* Main.storyboard in Resources */,
				7B6BEF5E224BD27A005FB7B2 /* cardflip.wav in Resources */,
				7B6BEF5F224BD27A005FB7B2 /* dingcorrect.wav in Resources */,
			);
			runOnlyForDeploymentPostprocessing = 0;
		};
/* End PBXResourcesBuildPhase section */

/* Begin PBXSourcesBuildPhase section */
		7BFED1552240895E00E028C7 /* Sources */ = {
			isa = PBXSourcesBuildPhase;
			buildActionMask = 2147483647;
			files = (
				7BFED15F2240895E00E028C7 /* ViewController.swift in Sources */,
				7BFED16F224154CB00E028C7 /* CardModel.swift in Sources */,
				7BFED15D2240895E00E028C7 /* AppDelegate.swift in Sources */,
				7BFED173224159C200E028C7 /* CardCollectionViewCell.swift in Sources */,
				7BFED171224155B400E028C7 /* Card.swift in Sources */,
				7B6BEF65224BD30B005FB7B2 /* SoundManager.swift in Sources */,
			);
			runOnlyForDeploymentPostprocessing = 0;
		};
/* End PBXSourcesBuildPhase section */

/* Begin PBXVariantGroup section */
		7BFED1602240895E00E028C7 /* Main.storyboard */ = {
			isa = PBXVariantGroup;
			children = (
				7BFED1612240895E00E028C7 /* Base */,
			);
			name = Main.storyboard;
			sourceTree = "<group>";
		};
		7BFED1652240896000E028C7 /* LaunchScreen.storyboard */ = {
			isa = PBXVariantGroup;
			children = (
				7BFED1662240896000E028C7 /* Base */,
			);
			name = LaunchScreen.storyboard;
			sourceTree = "<group>";
		};
/* End PBXVariantGroup section */

/* Begin XCBuildConfiguration section */
		7BFED1692240896000E028C7 /* Debug */ = {
			isa = XCBuildConfiguration;
			buildSettings = {
				ALWAYS_SEARCH_USER_PATHS = NO;
				CLANG_ANALYZER_NONNULL = YES;
				CLANG_ANALYZER_NUMBER_OBJECT_CONVERSION = YES_AGGRESSIVE;
				CLANG_CXX_LANGUAGE_STANDARD = "gnu++14";
				CLANG_CXX_LIBRARY = "libc++";
				CLANG_ENABLE_MODULES = YES;
				CLANG_ENABLE_OBJC_ARC = YES;
				CLANG_ENABLE_OBJC_WEAK = YES;
				CLANG_WARN_BLOCK_CAPTURE_AUTORELEASING = YES;
				CLANG_WARN_BOOL_CONVERSION = YES;
				CLANG_WARN_COMMA = YES;
				CLANG_WARN_CONSTANT_CONVERSION = YES;
				CLANG_WARN_DEPRECATED_OBJC_IMPLEMENTATIONS = YES;
				CLANG_WARN_DIRECT_OBJC_ISA_USAGE = YES_ERROR;
				CLANG_WARN_DOCUMENTATION_COMMENTS = YES;
				CLANG_WARN_EMPTY_BODY = YES;
				CLANG_WARN_ENUM_CONVERSION = YES;
				CLANG_WARN_INFINITE_RECURSION = YES;
				CLANG_WARN_INT_CONVERSION = YES;
				CLANG_WARN_NON_LITERAL_NULL_CONVERSION = YES;
				CLANG_WARN_OBJC_IMPLICIT_RETAIN_SELF = YES;
				CLANG_WARN_OBJC_LITERAL_CONVERSION = YES;
				CLANG_WARN_OBJC_ROOT_CLASS = YES_ERROR;
				CLANG_WARN_RANGE_LOOP_ANALYSIS = YES;
				CLANG_WARN_STRICT_PROTOTYPES = YES;
				CLANG_WARN_SUSPICIOUS_MOVE = YES;
				CLANG_WARN_UNGUARDED_AVAILABILITY = YES_AGGRESSIVE;
				CLANG_WARN_UNREACHABLE_CODE = YES;
				CLANG_WARN__DUPLICATE_METHOD_MATCH = YES;
				CODE_SIGN_IDENTITY = "iPhone Developer";
				COPY_PHASE_STRIP = NO;
				DEBUG_INFORMATION_FORMAT = dwarf;
				ENABLE_STRICT_OBJC_MSGSEND = YES;
				ENABLE_TESTABILITY = YES;
				GCC_C_LANGUAGE_STANDARD = gnu11;
				GCC_DYNAMIC_NO_PIC = NO;
				GCC_NO_COMMON_BLOCKS = YES;
				GCC_OPTIMIZATION_LEVEL = 0;
				GCC_PREPROCESSOR_DEFINITIONS = (
					"DEBUG=1",
					"$(inherited)",
				);
				GCC_WARN_64_TO_32_BIT_CONVERSION = YES;
				GCC_WARN_ABOUT_RETURN_TYPE = YES_ERROR;
				GCC_WARN_UNDECLARED_SELECTOR = YES;
				GCC_WARN_UNINITIALIZED_AUTOS = YES_AGGRESSIVE;
				GCC_WARN_UNUSED_FUNCTION = YES;
				GCC_WARN_UNUSED_VARIABLE = YES;
				IPHONEOS_DEPLOYMENT_TARGET = 12.1;
				MTL_ENABLE_DEBUG_INFO = INCLUDE_SOURCE;
				MTL_FAST_MATH = YES;
				ONLY_ACTIVE_ARCH = YES;
				SDKROOT = iphoneos;
				SWIFT_ACTIVE_COMPILATION_CONDITIONS = DEBUG;
				SWIFT_OPTIMIZATION_LEVEL = "-Onone";
			};
			name = Debug;
		};
		7BFED16A2240896000E028C7 /* Release */ = {
			isa = XCBuildConfiguration;
			buildSettings = {
				ALWAYS_SEARCH_USER_PATHS = NO;
				CLANG_ANALYZER_NONNULL = YES;
				CLANG_ANALYZER_NUMBER_OBJECT_CONVERSION = YES_AGGRESSIVE;
				CLANG_CXX_LANGUAGE_STANDARD = "gnu++14";
				CLANG_CXX_LIBRARY = "libc++";
				CLANG_ENABLE_MODULES = YES;
				CLANG_ENABLE_OBJC_ARC = YES;
				CLANG_ENABLE_OBJC_WEAK = YES;
				CLANG_WARN_BLOCK_CAPTURE_AUTORELEASING = YES;
				CLANG_WARN_BOOL_CONVERSION = YES;
				CLANG_WARN_COMMA = YES;
				CLANG_WARN_CONSTANT_CONVERSION = YES;
				CLANG_WARN_DEPRECATED_OBJC_IMPLEMENTATIONS = YES;
				CLANG_WARN_DIRECT_OBJC_ISA_USAGE = YES_ERROR;
				CLANG_WARN_DOCUMENTATION_COMMENTS = YES;
				CLANG_WARN_EMPTY_BODY = YES;
				CLANG_WARN_ENUM_CONVERSION = YES;
				CLANG_WARN_INFINITE_RECURSION = YES;
				CLANG_WARN_INT_CONVERSION = YES;
				CLANG_WARN_NON_LITERAL_NULL_CONVERSION = YES;
				CLANG_WARN_OBJC_IMPLICIT_RETAIN_SELF = YES;
				CLANG_WARN_OBJC_LITERAL_CONVERSION = YES;
				CLANG_WARN_OBJC_ROOT_CLASS = YES_ERROR;
				CLANG_WARN_RANGE_LOOP_ANALYSIS = YES;
				CLANG_WARN_STRICT_PROTOTYPES = YES;
				CLANG_WARN_SUSPICIOUS_MOVE = YES;
				CLANG_WARN_UNGUARDED_AVAILABILITY = YES_AGGRESSIVE;
				CLANG_WARN_UNREACHABLE_CODE = YES;
				CLANG_WARN__DUPLICATE_METHOD_MATCH = YES;
				CODE_SIGN_IDENTITY = "iPhone Developer";
				COPY_PHASE_STRIP = NO;
				DEBUG_INFORMATION_FORMAT = "dwarf-with-dsym";
				ENABLE_NS_ASSERTIONS = NO;
				ENABLE_STRICT_OBJC_MSGSEND = YES;
				GCC_C_LANGUAGE_STANDARD = gnu11;
				GCC_NO_COMMON_BLOCKS = YES;
				GCC_WARN_64_TO_32_BIT_CONVERSION = YES;
				GCC_WARN_ABOUT_RETURN_TYPE = YES_ERROR;
				GCC_WARN_UNDECLARED_SELECTOR = YES;
				GCC_WARN_UNINITIALIZED_AUTOS = YES_AGGRESSIVE;
				GCC_WARN_UNUSED_FUNCTION = YES;
				GCC_WARN_UNUSED_VARIABLE = YES;
				IPHONEOS_DEPLOYMENT_TARGET = 12.1;
				MTL_ENABLE_DEBUG_INFO = NO;
				MTL_FAST_MATH = YES;
				SDKROOT = iphoneos;
				SWIFT_COMPILATION_MODE = wholemodule;
				SWIFT_OPTIMIZATION_LEVEL = "-O";
				VALIDATE_PRODUCT = YES;
			};
			name = Release;
		};
		7BFED16C2240896000E028C7 /* Debug */ = {
			isa = XCBuildConfiguration;
			buildSettings = {
				ASSETCATALOG_COMPILER_APPICON_NAME = AppIcon;
				CODE_SIGN_STYLE = Automatic;
				DEVELOPMENT_TEAM = 6MW93R336L;
				INFOPLIST_FILE = "Match-App/Info.plist";
				LD_RUNPATH_SEARCH_PATHS = (
					"$(inherited)",
					"@executable_path/Frameworks",
				);
				PRODUCT_BUNDLE_IDENTIFIER = "com.couchguylabs.Match-App";
				PRODUCT_NAME = "$(TARGET_NAME)";
				SWIFT_VERSION = 4.2;
				TARGETED_DEVICE_FAMILY = "1,2";
			};
			name = Debug;
		};
		7BFED16D2240896000E028C7 /* Release */ = {
			isa = XCBuildConfiguration;
			buildSettings = {
				ASSETCATALOG_COMPILER_APPICON_NAME = AppIcon;
				CODE_SIGN_STYLE = Automatic;
				DEVELOPMENT_TEAM = 6MW93R336L;
				INFOPLIST_FILE = "Match-App/Info.plist";
				LD_RUNPATH_SEARCH_PATHS = (
					"$(inherited)",
					"@executable_path/Frameworks",
				);
				PRODUCT_BUNDLE_IDENTIFIER = "com.couchguylabs.Match-App";
				PRODUCT_NAME = "$(TARGET_NAME)";
				SWIFT_VERSION = 4.2;
				TARGETED_DEVICE_FAMILY = "1,2";
			};
			name = Release;
		};
/* End XCBuildConfiguration section */

/* Begin XCConfigurationList section */
		7BFED1542240895E00E028C7 /* Build configuration list for PBXProject "Match-App" */ = {
			isa = XCConfigurationList;
			buildConfigurations = (
				7BFED1692240896000E028C7 /* Debug */,
				7BFED16A2240896000E028C7 /* Release */,
			);
			defaultConfigurationIsVisible = 0;
			defaultConfigurationName = Release;
		};
		7BFED16B2240896000E028C7 /* Build configuration list for PBXNativeTarget "Match-App" */ = {
			isa = XCConfigurationList;
			buildConfigurations = (
				7BFED16C2240896000E028C7 /* Debug */,
				7BFED16D2240896000E028C7 /* Release */,
			);
			defaultConfigurationIsVisible = 0;
			defaultConfigurationName = Release;
		};
/* End XCConfigurationList section */
	};
	rootObject = 7BFED1512240895E00E028C7 /* Project object */;
}
